
Microsoft Visual Studio Solution File, Format Version 12.00
# Visual Studio Version 17
VisualStudioVersion = 17.4.33103.184
MinimumVisualStudioVersion = 10.0.40219.1
Project("{FAE04EC0-301F-11D3-BF4B-00C04F79EFBC}") = "EmployeeApi", "EmployeeApi\EmployeeApi.csproj", "{4F104084-1FFF-4042-A580-02BE56177610}"
EndProject
Global
	GlobalSection(SolutionConfigurationPlatforms) = preSolution
		Debug|Any CPU = Debug|Any CPU
		Release|Any CPU = Release|Any CPU
	EndGlobalSection
	GlobalSection(ProjectConfigurationPlatforms) = postSolution
		{4F104084-1FFF-4042-A580-02BE56177610}.Debug|Any CPU.ActiveCfg = Debug|Any CPU
		{4F104084-1FFF-4042-A580-02BE56177610}.Debug|Any CPU.Build.0 = Debug|Any CPU
		{4F104084-1FFF-4042-A580-02BE56177610}.Release|Any CPU.ActiveCfg = Release|Any CPU
		{4F104084-1FFF-4042-A580-02BE56177610}.Release|Any CPU.Build.0 = Release|Any CPU
	EndGlobalSection
	GlobalSection(SolutionProperties) = preSolution
		HideSolutionNode = FALSE
	EndGlobalSection
	GlobalSection(ExtensibilityGlobals) = postSolution
		SolutionGuid = {4E6FF413-0648-4577-80F4-AFABD1A17262}
	EndGlobalSection
EndGlobal
